
Microsoft Visual Studio Solution File, Format Version 12.00
# Visual Studio 15
Project("{FAE04EC0-301F-11D3-BF4B-00C04F79EFBC}") = "Assembly-CSharp-firstpass", "Assembly-CSharp-firstpass.csproj", "{911D5C3A-B934-C64E-B0E5-055320AF3F12}"
EndProject
Project("{FAE04EC0-301F-11D3-BF4B-00C04F79EFBC}") = "Assembly-CSharp", "Assembly-CSharp.csproj", "{59153BD7-4256-1047-87C8-212A07C325C3}"
EndProject
Global
	GlobalSection(SolutionConfigurationPlatforms) = preSolution
		Debug|Any CPU = Debug|Any CPU
		Release|Any CPU = Release|Any CPU
	EndGlobalSection
	GlobalSection(ProjectConfigurationPlatforms) = postSolution
		{911D5C3A-B934-C64E-B0E5-055320AF3F12}.Debug|Any CPU.ActiveCfg = Debug|Any CPU
		{911D5C3A-B934-C64E-B0E5-055320AF3F12}.Debug|Any CPU.Build.0 = Debug|Any CPU
		{911D5C3A-B934-C64E-B0E5-055320AF3F12}.Release|Any CPU.ActiveCfg = Release|Any CPU
		{911D5C3A-B934-C64E-B0E5-055320AF3F12}.Release|Any CPU.Build.0 = Release|Any CPU
		{59153BD7-4256-1047-87C8-212A07C325C3}.Debug|Any CPU.ActiveCfg = Debug|Any CPU
		{59153BD7-4256-1047-87C8-212A07C325C3}.Debug|Any CPU.Build.0 = Debug|Any CPU
		{59153BD7-4256-1047-87C8-212A07C325C3}.Release|Any CPU.ActiveCfg = Release|Any CPU
		{59153BD7-4256-1047-87C8-212A07C325C3}.Release|Any CPU.Build.0 = Release|Any CPU
	EndGlobalSection
	GlobalSection(SolutionProperties) = preSolution
		HideSolutionNode = FALSE
	EndGlobalSection
EndGlobal
